
Microsoft Visual Studio Solution File, Format Version 12.00
# Visual Studio Version 17
VisualStudioVersion = 17.12.35527.113
MinimumVisualStudioVersion = 10.0.40219.1
Project("{FAE04EC0-301F-11D3-BF4B-00C04F79EFBC}") = "SZEW", "SZEW\SZEW.csproj", "{BD40D8BD-28F3-466E-BC82-570B64A4EE44}"
EndProject
Project("{E53339B2-1760-4266-BCC7-CA923CBCF16C}") = "docker-compose", "docker-compose.dcproj", "{F1532CAC-CAD1-4387-9FC8-81E1FA3B1BC4}"
EndProject
Global
	GlobalSection(SolutionConfigurationPlatforms) = preSolution
		Debug|Any CPU = Debug|Any CPU
		Release|Any CPU = Release|Any CPU
	EndGlobalSection
	GlobalSection(ProjectConfigurationPlatforms) = postSolution
		{BD40D8BD-28F3-466E-BC82-570B64A4EE44}.Debug|Any CPU.ActiveCfg = Debug|Any CPU
		{BD40D8BD-28F3-466E-BC82-570B64A4EE44}.Debug|Any CPU.Build.0 = Debug|Any CPU
		{BD40D8BD-28F3-466E-BC82-570B64A4EE44}.Release|Any CPU.ActiveCfg = Release|Any CPU
		{BD40D8BD-28F3-466E-BC82-570B64A4EE44}.Release|Any CPU.Build.0 = Release|Any CPU
		{F1532CAC-CAD1-4387-9FC8-81E1FA3B1BC4}.Debug|Any CPU.ActiveCfg = Debug|Any CPU
		{F1532CAC-CAD1-4387-9FC8-81E1FA3B1BC4}.Debug|Any CPU.Build.0 = Debug|Any CPU
		{F1532CAC-CAD1-4387-9FC8-81E1FA3B1BC4}.Release|Any CPU.ActiveCfg = Release|Any CPU
		{F1532CAC-CAD1-4387-9FC8-81E1FA3B1BC4}.Release|Any CPU.Build.0 = Release|Any CPU
	EndGlobalSection
	GlobalSection(SolutionProperties) = preSolution
		HideSolutionNode = FALSE
	EndGlobalSection
EndGlobal
